// !$*UTF8*$!
{
	archiveVersion = 1;
	classes = {
	};
	objectVersion = 50;
	objects = {

/* Begin PBXBuildFile section */
		CC3EF3AC223209AE00ADD490 /* AppDelegate.swift in Sources */ = {isa = PBXBuildFile; fileRef = CC3EF3AB223209AE00ADD490 /* AppDelegate.swift */; };
		CC3EF3B1223209AE00ADD490 /* Main.storyboard in Resources */ = {isa = PBXBuildFile; fileRef = CC3EF3AF223209AE00ADD490 /* Main.storyboard */; };
		CC3EF3B3223209B000ADD490 /* Assets.xcassets in Resources */ = {isa = PBXBuildFile; fileRef = CC3EF3B2223209B000ADD490 /* Assets.xcassets */; };
		CC3EF3B6223209B000ADD490 /* LaunchScreen.storyboard in Resources */ = {isa = PBXBuildFile; fileRef = CC3EF3B4223209B000ADD490 /* LaunchScreen.storyboard */; };
		CC3EF3C322320B1E00ADD490 /* MenuListTableViewCell.swift in Sources */ = {isa = PBXBuildFile; fileRef = CC3EF3C222320B1E00ADD490 /* MenuListTableViewCell.swift */; };
		CC3EF3C522320BC400ADD490 /* MenuListTableViewController.swift in Sources */ = {isa = PBXBuildFile; fileRef = CC3EF3C422320BC400ADD490 /* MenuListTableViewController.swift */; };
		CC3EF3C922320E5500ADD490 /* MenuAddViewController.swift in Sources */ = {isa = PBXBuildFile; fileRef = CC3EF3C822320E5500ADD490 /* MenuAddViewController.swift */; };
		CC8A551F223215D80067D74B /* MenuChooseViewController.swift in Sources */ = {isa = PBXBuildFile; fileRef = CC8A551E223215D80067D74B /* MenuChooseViewController.swift */; };
/* End PBXBuildFile section */

/* Begin PBXFileReference section */
		CC3EF3A8223209AE00ADD490 /* Bap.app */ = {isa = PBXFileReference; explicitFileType = wrapper.application; includeInIndex = 0; path = Bap.app; sourceTree = BUILT_PRODUCTS_DIR; };
		CC3EF3AB223209AE00ADD490 /* AppDelegate.swift */ = {isa = PBXFileReference; lastKnownFileType = sourcecode.swift; path = AppDelegate.swift; sourceTree = "<group>"; };
		CC3EF3B0223209AE00ADD490 /* Base */ = {isa = PBXFileReference; lastKnownFileType = file.storyboard; name = Base; path = Base.lproj/Main.storyboard; sourceTree = "<group>"; };
		CC3EF3B2223209B000ADD490 /* Assets.xcassets */ = {isa = PBXFileReference; lastKnownFileType = folder.assetcatalog; path = Assets.xcassets; sourceTree = "<group>"; };
		CC3EF3B5223209B000ADD490 /* Base */ = {isa = PBXFileReference; lastKnownFileType = file.storyboard; name = Base; path = Base.lproj/LaunchScreen.storyboard; sourceTree = "<group>"; };
		CC3EF3B7223209B000ADD490 /* Info.plist */ = {isa = PBXFileReference; lastKnownFileType = text.plist.xml; path = Info.plist; sourceTree = "<group>"; };
		CC3EF3C222320B1E00ADD490 /* MenuListTableViewCell.swift */ = {isa = PBXFileReference; lastKnownFileType = sourcecode.swift; path = MenuListTableViewCell.swift; sourceTree = "<group>"; };
		CC3EF3C422320BC400ADD490 /* MenuListTableViewController.swift */ = {isa = PBXFileReference; lastKnownFileType = sourcecode.swift; path = MenuListTableViewController.swift; sourceTree = "<group>"; };
		CC3EF3C822320E5500ADD490 /* MenuAddViewController.swift */ = {isa = PBXFileReference; lastKnownFileType = sourcecode.swift; path = MenuAddViewController.swift; sourceTree = "<group>"; };
		CC8A551E223215D80067D74B /* MenuChooseViewController.swift */ = {isa = PBXFileReference; lastKnownFileType = sourcecode.swift; path = MenuChooseViewController.swift; sourceTree = "<group>"; };
/* End PBXFileReference section */

/* Begin PBXFrameworksBuildPhase section */
		CC3EF3A5223209AE00ADD490 /* Frameworks */ = {
			isa = PBXFrameworksBuildPhase;
			buildActionMask = 2147483647;
			files = (
			);
			runOnlyForDeploymentPostprocessing = 0;
		};
/* End PBXFrameworksBuildPhase section */

/* Begin PBXGroup section */
		CC3EF39F223209AE00ADD490 = {
			isa = PBXGroup;
			children = (
				CC3EF3AA223209AE00ADD490 /* Bap */,
				CC3EF3A9223209AE00ADD490 /* Products */,
			);
			sourceTree = "<group>";
		};
		CC3EF3A9223209AE00ADD490 /* Products */ = {
			isa = PBXGroup;
			children = (
				CC3EF3A8223209AE00ADD490 /* Bap.app */,
			);
			name = Products;
			sourceTree = "<group>";
		};
		CC3EF3AA223209AE00ADD490 /* Bap */ = {
			isa = PBXGroup;
			children = (
				CC3EF3AB223209AE00ADD490 /* AppDelegate.swift */,
				CC3EF3AF223209AE00ADD490 /* Main.storyboard */,
				CC3EF3B2223209B000ADD490 /* Assets.xcassets */,
				CC3EF3B4223209B000ADD490 /* LaunchScreen.storyboard */,
				CC3EF3B7223209B000ADD490 /* Info.plist */,
				CC3EF3BD22320AE700ADD490 /* src */,
			);
			path = Bap;
			sourceTree = "<group>";
		};
		CC3EF3BD22320AE700ADD490 /* src */ = {
			isa = PBXGroup;
			children = (
				CC3EF3C622320D3200ADD490 /* Objects */,
				CC3EF3C122320B1200ADD490 /* Cells */,
				CC3EF3BE22320AFB00ADD490 /* ViewControllers */,
			);
			path = src;
			sourceTree = "<group>";
		};
		CC3EF3BE22320AFB00ADD490 /* ViewControllers */ = {
			isa = PBXGroup;
			children = (
				CC3EF3C422320BC400ADD490 /* MenuListTableViewController.swift */,
				CC3EF3C822320E5500ADD490 /* MenuAddViewController.swift */,
				CC8A551E223215D80067D74B /* MenuChooseViewController.swift */,
			);
			path = ViewControllers;
			sourceTree = "<group>";
		};
		CC3EF3C122320B1200ADD490 /* Cells */ = {
			isa = PBXGroup;
			children = (
				CC3EF3C222320B1E00ADD490 /* MenuListTableViewCell.swift */,
			);
			path = Cells;
			sourceTree = "<group>";
		};
		CC3EF3C622320D3200ADD490 /* Objects */ = {
			isa = PBXGroup;
			children = (
			);
			path = Objects;
			sourceTree = "<group>";
		};
/* End PBXGroup section */

/* Begin PBXNativeTarget section */
		CC3EF3A7223209AE00ADD490 /* Bap */ = {
			isa = PBXNativeTarget;
			buildConfigurationList = CC3EF3BA223209B000ADD490 /* Build configuration list for PBXNativeTarget "Bap" */;
			buildPhases = (
				CC3EF3A4223209AE00ADD490 /* Sources */,
				CC3EF3A5223209AE00ADD490 /* Frameworks */,
				CC3EF3A6223209AE00ADD490 /* Resources */,
			);
			buildRules = (
			);
			dependencies = (
			);
			name = Bap;
			productName = Bap;
			productReference = CC3EF3A8223209AE00ADD490 /* Bap.app */;
			productType = "com.apple.product-type.application";
		};
/* End PBXNativeTarget section */

/* Begin PBXProject section */
		CC3EF3A0223209AE00ADD490 /* Project object */ = {
			isa = PBXProject;
			attributes = {
				LastSwiftUpdateCheck = 1010;
				LastUpgradeCheck = 1010;
				ORGANIZATIONNAME = "Minsoo Kim";
				TargetAttributes = {
					CC3EF3A7223209AE00ADD490 = {
						CreatedOnToolsVersion = 10.1;
					};
				};
			};
			buildConfigurationList = CC3EF3A3223209AE00ADD490 /* Build configuration list for PBXProject "Bap" */;
			compatibilityVersion = "Xcode 9.3";
			developmentRegion = en;
			hasScannedForEncodings = 0;
			knownRegions = (
				en,
				Base,
			);
			mainGroup = CC3EF39F223209AE00ADD490;
			productRefGroup = CC3EF3A9223209AE00ADD490 /* Products */;
			projectDirPath = "";
			projectRoot = "";
			targets = (
				CC3EF3A7223209AE00ADD490 /* Bap */,
			);
		};
/* End PBXProject section */

/* Begin PBXResourcesBuildPhase section */
		CC3EF3A6223209AE00ADD490 /* Resources */ = {
			isa = PBXResourcesBuildPhase;
			buildActionMask = 2147483647;
			files = (
				CC3EF3B6223209B000ADD490 /* LaunchScreen.storyboard in Resources */,
				CC3EF3B3223209B000ADD490 /* Assets.xcassets in Resources */,
				CC3EF3B1223209AE00ADD490 /* Main.storyboard in Resources */,
			);
			runOnlyForDeploymentPostprocessing = 0;
		};
/* End PBXResourcesBuildPhase section */

/* Begin PBXSourcesBuildPhase section */
		CC3EF3A4223209AE00ADD490 /* Sources */ = {
			isa = PBXSourcesBuildPhase;
			buildActionMask = 2147483647;
			files = (
				CC3EF3C522320BC400ADD490 /* MenuListTableViewController.swift in Sources */,
				CC3EF3C322320B1E00ADD490 /* MenuListTableViewCell.swift in Sources */,
				CC3EF3AC223209AE00ADD490 /* AppDelegate.swift in Sources */,
				CC8A551F223215D80067D74B /* MenuChooseViewController.swift in Sources */,
				CC3EF3C922320E5500ADD490 /* MenuAddViewController.swift in Sources */,
			);
			runOnlyForDeploymentPostprocessing = 0;
		};
/* End PBXSourcesBuildPhase section */

/* Begin PBXVariantGroup section */
		CC3EF3AF223209AE00ADD490 /* Main.storyboard */ = {
			isa = PBXVariantGroup;
			children = (
				CC3EF3B0223209AE00ADD490 /* Base */,
			);
			name = Main.storyboard;
			sourceTree = "<group>";
		};
		CC3EF3B4223209B000ADD490 /* LaunchScreen.storyboard */ = {
			isa = PBXVariantGroup;
			children = (
				CC3EF3B5223209B000ADD490 /* Base */,
			);
			name = LaunchScreen.storyboard;
			sourceTree = "<group>";
		};
/* End PBXVariantGroup section */

/* Begin XCBuildConfiguration section */
		CC3EF3B8223209B000ADD490 /* Debug */ = {
			isa = XCBuildConfiguration;
			buildSettings = {
				ALWAYS_SEARCH_USER_PATHS = NO;
				CLANG_ANALYZER_NONNULL = YES;
				CLANG_ANALYZER_NUMBER_OBJECT_CONVERSION = YES_AGGRESSIVE;
				CLANG_CXX_LANGUAGE_STANDARD = "gnu++14";
				CLANG_CXX_LIBRARY = "libc++";
				CLANG_ENABLE_MODULES = YES;
				CLANG_ENABLE_OBJC_ARC = YES;
				CLANG_ENABLE_OBJC_WEAK = YES;
				CLANG_WARN_BLOCK_CAPTURE_AUTORELEASING = YES;
				CLANG_WARN_BOOL_CONVERSION = YES;
				CLANG_WARN_COMMA = YES;
				CLANG_WARN_CONSTANT_CONVERSION = YES;
				CLANG_WARN_DEPRECATED_OBJC_IMPLEMENTATIONS = YES;
				CLANG_WARN_DIRECT_OBJC_ISA_USAGE = YES_ERROR;
				CLANG_WARN_DOCUMENTATION_COMMENTS = YES;
				CLANG_WARN_EMPTY_BODY = YES;
				CLANG_WARN_ENUM_CONVERSION = YES;
				CLANG_WARN_INFINITE_RECURSION = YES;
				CLANG_WARN_INT_CONVERSION = YES;
				CLANG_WARN_NON_LITERAL_NULL_CONVERSION = YES;
				CLANG_WARN_OBJC_IMPLICIT_RETAIN_SELF = YES;
				CLANG_WARN_OBJC_LITERAL_CONVERSION = YES;
				CLANG_WARN_OBJC_ROOT_CLASS = YES_ERROR;
				CLANG_WARN_RANGE_LOOP_ANALYSIS = YES;
				CLANG_WARN_STRICT_PROTOTYPES = YES;
				CLANG_WARN_SUSPICIOUS_MOVE = YES;
				CLANG_WARN_UNGUARDED_AVAILABILITY = YES_AGGRESSIVE;
				CLANG_WARN_UNREACHABLE_CODE = YES;
				CLANG_WARN__DUPLICATE_METHOD_MATCH = YES;
				CODE_SIGN_IDENTITY = "iPhone Developer";
				COPY_PHASE_STRIP = NO;
				DEBUG_INFORMATION_FORMAT = dwarf;
				ENABLE_STRICT_OBJC_MSGSEND = YES;
				ENABLE_TESTABILITY = YES;
				GCC_C_LANGUAGE_STANDARD = gnu11;
				GCC_DYNAMIC_NO_PIC = NO;
				GCC_NO_COMMON_BLOCKS = YES;
				GCC_OPTIMIZATION_LEVEL = 0;
				GCC_PREPROCESSOR_DEFINITIONS = (
					"DEBUG=1",
					"$(inherited)",
				);
				GCC_WARN_64_TO_32_BIT_CONVERSION = YES;
				GCC_WARN_ABOUT_RETURN_TYPE = YES_ERROR;
				GCC_WARN_UNDECLARED_SELECTOR = YES;
				GCC_WARN_UNINITIALIZED_AUTOS = YES_AGGRESSIVE;
				GCC_WARN_UNUSED_FUNCTION = YES;
				GCC_WARN_UNUSED_VARIABLE = YES;
				IPHONEOS_DEPLOYMENT_TARGET = 12.1;
				MTL_ENABLE_DEBUG_INFO = INCLUDE_SOURCE;
				MTL_FAST_MATH = YES;
				ONLY_ACTIVE_ARCH = YES;
				SDKROOT = iphoneos;
				SWIFT_ACTIVE_COMPILATION_CONDITIONS = DEBUG;
				SWIFT_OPTIMIZATION_LEVEL = "-Onone";
			};
			name = Debug;
		};
		CC3EF3B9223209B000ADD490 /* Release */ = {
			isa = XCBuildConfiguration;
			buildSettings = {
				ALWAYS_SEARCH_USER_PATHS = NO;
				CLANG_ANALYZER_NONNULL = YES;
				CLANG_ANALYZER_NUMBER_OBJECT_CONVERSION = YES_AGGRESSIVE;
				CLANG_CXX_LANGUAGE_STANDARD = "gnu++14";
				CLANG_CXX_LIBRARY = "libc++";
				CLANG_ENABLE_MODULES = YES;
				CLANG_ENABLE_OBJC_ARC = YES;
				CLANG_ENABLE_OBJC_WEAK = YES;
				CLANG_WARN_BLOCK_CAPTURE_AUTORELEASING = YES;
				CLANG_WARN_BOOL_CONVERSION = YES;
				CLANG_WARN_COMMA = YES;
				CLANG_WARN_CONSTANT_CONVERSION = YES;
				CLANG_WARN_DEPRECATED_OBJC_IMPLEMENTATIONS = YES;
				CLANG_WARN_DIRECT_OBJC_ISA_USAGE = YES_ERROR;
				CLANG_WARN_DOCUMENTATION_COMMENTS = YES;
				CLANG_WARN_EMPTY_BODY = YES;
				CLANG_WARN_ENUM_CONVERSION = YES;
				CLANG_WARN_INFINITE_RECURSION = YES;
				CLANG_WARN_INT_CONVERSION = YES;
				CLANG_WARN_NON_LITERAL_NULL_CONVERSION = YES;
				CLANG_WARN_OBJC_IMPLICIT_RETAIN_SELF = YES;
				CLANG_WARN_OBJC_LITERAL_CONVERSION = YES;
				CLANG_WARN_OBJC_ROOT_CLASS = YES_ERROR;
				CLANG_WARN_RANGE_LOOP_ANALYSIS = YES;
				CLANG_WARN_STRICT_PROTOTYPES = YES;
				CLANG_WARN_SUSPICIOUS_MOVE = YES;
				CLANG_WARN_UNGUARDED_AVAILABILITY = YES_AGGRESSIVE;
				CLANG_WARN_UNREACHABLE_CODE = YES;
				CLANG_WARN__DUPLICATE_METHOD_MATCH = YES;
				CODE_SIGN_IDENTITY = "iPhone Developer";
				COPY_PHASE_STRIP = NO;
				DEBUG_INFORMATION_FORMAT = "dwarf-with-dsym";
				ENABLE_NS_ASSERTIONS = NO;
				ENABLE_STRICT_OBJC_MSGSEND = YES;
				GCC_C_LANGUAGE_STANDARD = gnu11;
				GCC_NO_COMMON_BLOCKS = YES;
				GCC_WARN_64_TO_32_BIT_CONVERSION = YES;
				GCC_WARN_ABOUT_RETURN_TYPE = YES_ERROR;
				GCC_WARN_UNDECLARED_SELECTOR = YES;
				GCC_WARN_UNINITIALIZED_AUTOS = YES_AGGRESSIVE;
				GCC_WARN_UNUSED_FUNCTION = YES;
				GCC_WARN_UNUSED_VARIABLE = YES;
				IPHONEOS_DEPLOYMENT_TARGET = 12.1;
				MTL_ENABLE_DEBUG_INFO = NO;
				MTL_FAST_MATH = YES;
				SDKROOT = iphoneos;
				SWIFT_COMPILATION_MODE = wholemodule;
				SWIFT_OPTIMIZATION_LEVEL = "-O";
				VALIDATE_PRODUCT = YES;
			};
			name = Release;
		};
		CC3EF3BB223209B000ADD490 /* Debug */ = {
			isa = XCBuildConfiguration;
			buildSettings = {
				ASSETCATALOG_COMPILER_APPICON_NAME = AppIcon;
				CODE_SIGN_IDENTITY = "iPhone Developer";
				CODE_SIGN_STYLE = Automatic;
				DEVELOPMENT_TEAM = G7UWFL859M;
				INFOPLIST_FILE = Bap/Info.plist;
				LD_RUNPATH_SEARCH_PATHS = (
					"$(inherited)",
					"@executable_path/Frameworks",
				);
				PRODUCT_BUNDLE_IDENTIFIER = dev.minsoo.Bap;
				PRODUCT_NAME = "$(TARGET_NAME)";
				PROVISIONING_PROFILE_SPECIFIER = "";
				SWIFT_VERSION = 4.2;
				TARGETED_DEVICE_FAMILY = "1,2";
			};
			name = Debug;
		};
		CC3EF3BC223209B000ADD490 /* Release */ = {
			isa = XCBuildConfiguration;
			buildSettings = {
				ASSETCATALOG_COMPILER_APPICON_NAME = AppIcon;
				CODE_SIGN_IDENTITY = "iPhone Developer";
				CODE_SIGN_STYLE = Automatic;
				DEVELOPMENT_TEAM = G7UWFL859M;
				INFOPLIST_FILE = Bap/Info.plist;
				LD_RUNPATH_SEARCH_PATHS = (
					"$(inherited)",
					"@executable_path/Frameworks",
				);
				PRODUCT_BUNDLE_IDENTIFIER = dev.minsoo.Bap;
				PRODUCT_NAME = "$(TARGET_NAME)";
				PROVISIONING_PROFILE_SPECIFIER = "";
				SWIFT_VERSION = 4.2;
				TARGETED_DEVICE_FAMILY = "1,2";
			};
			name = Release;
		};
/* End XCBuildConfiguration section */

/* Begin XCConfigurationList section */
		CC3EF3A3223209AE00ADD490 /* Build configuration list for PBXProject "Bap" */ = {
			isa = XCConfigurationList;
			buildConfigurations = (
				CC3EF3B8223209B000ADD490 /* Debug */,
				CC3EF3B9223209B000ADD490 /* Release */,
			);
			defaultConfigurationIsVisible = 0;
			defaultConfigurationName = Release;
		};
		CC3EF3BA223209B000ADD490 /* Build configuration list for PBXNativeTarget "Bap" */ = {
			isa = XCConfigurationList;
			buildConfigurations = (
				CC3EF3BB223209B000ADD490 /* Debug */,
				CC3EF3BC223209B000ADD490 /* Release */,
			);
			defaultConfigurationIsVisible = 0;
			defaultConfigurationName = Release;
		};
/* End XCConfigurationList section */
	};
	rootObject = CC3EF3A0223209AE00ADD490 /* Project object */;
}
